
Microsoft Visual Studio Solution File, Format Version 12.00
# Visual Studio 15
VisualStudioVersion = 15.0.28307.757
MinimumVisualStudioVersion = 10.0.40219.1
Project("{FAE04EC0-301F-11D3-BF4B-00C04F79EFBC}") = "BookShelf", "BookShelf\BookShelf.csproj", "{E337B19C-9B74-4395-A721-B61817E76EF4}"
EndProject
Project("{FAE04EC0-301F-11D3-BF4B-00C04F79EFBC}") = "DataLayer", "DataLayer\DataLayer.csproj", "{3DF545BF-7527-403B-B005-9A88E30D0906}"
EndProject
Project("{FAE04EC0-301F-11D3-BF4B-00C04F79EFBC}") = "LogicLayer", "LogicLayer\LogicLayer.csproj", "{7D9C37D4-5753-4F44-8D0A-288C59EF8B8F}"
EndProject
Global
	GlobalSection(SolutionConfigurationPlatforms) = preSolution
		Debug|Any CPU = Debug|Any CPU
		Release|Any CPU = Release|Any CPU
	EndGlobalSection
	GlobalSection(ProjectConfigurationPlatforms) = postSolution
		{E337B19C-9B74-4395-A721-B61817E76EF4}.Debug|Any CPU.ActiveCfg = Debug|Any CPU
		{E337B19C-9B74-4395-A721-B61817E76EF4}.Debug|Any CPU.Build.0 = Debug|Any CPU
		{E337B19C-9B74-4395-A721-B61817E76EF4}.Release|Any CPU.ActiveCfg = Release|Any CPU
		{E337B19C-9B74-4395-A721-B61817E76EF4}.Release|Any CPU.Build.0 = Release|Any CPU
		{3DF545BF-7527-403B-B005-9A88E30D0906}.Debug|Any CPU.ActiveCfg = Debug|Any CPU
		{3DF545BF-7527-403B-B005-9A88E30D0906}.Debug|Any CPU.Build.0 = Debug|Any CPU
		{3DF545BF-7527-403B-B005-9A88E30D0906}.Release|Any CPU.ActiveCfg = Release|Any CPU
		{3DF545BF-7527-403B-B005-9A88E30D0906}.Release|Any CPU.Build.0 = Release|Any CPU
		{7D9C37D4-5753-4F44-8D0A-288C59EF8B8F}.Debug|Any CPU.ActiveCfg = Debug|Any CPU
		{7D9C37D4-5753-4F44-8D0A-288C59EF8B8F}.Debug|Any CPU.Build.0 = Debug|Any CPU
		{7D9C37D4-5753-4F44-8D0A-288C59EF8B8F}.Release|Any CPU.ActiveCfg = Release|Any CPU
		{7D9C37D4-5753-4F44-8D0A-288C59EF8B8F}.Release|Any CPU.Build.0 = Release|Any CPU
	EndGlobalSection
	GlobalSection(SolutionProperties) = preSolution
		HideSolutionNode = FALSE
	EndGlobalSection
	GlobalSection(ExtensibilityGlobals) = postSolution
		SolutionGuid = {E73941E3-66E0-4EBE-9B2E-3F6650F35A90}
	EndGlobalSection
EndGlobal
